{
  "name": "@decomoji/optimizer",
  "version": "1.0.0",
  "lockfileVersion": 3,
  "requires": true,
  "packages": {
    "": {
      "name": "@decomoji/optimizer",
      "version": "1.0.0",
      "license": "MIT",
      "dependencies": {
        "@napi-rs/image": "^1.14.0"
      }
    },
    "node_modules/@emnapi/core": {
      "version": "1.11.1",
      "resolved": "https://registry.npmjs.org/@emnapi/core/-/core-1.11.1.tgz",
      "integrity": "sha512-RSvbQmHzdKzNsLYa/wHrbc3KN4sYLKAdPZxqiM2HATqv/SBk2/ENSHpvXGaLOMcsAyz0poEGqkmmKYG3OWiJEQ==",
      "license": "MIT",
      "optional": true,
      "dependencies": {
        "@emnapi/wasi-threads": "1.2.2",
        "tslib": "^2.4.0"
      }
    },
    "node_modules/@emnapi/runtime": {
      "version": "1.11.1",
      "resolved": "https://registry.npmjs.org/@emnapi/runtime/-/runtime-1.11.1.tgz",
      "integrity": "sha512-vgj7R3y3Wgx24IQaGPA/R6YFXLHVMOZ0uVEyIQPaWs+rd1AzfEMXlAC22FYwO1XkKR6NPsq7mUandH8oIRdZFw==",
      "license": "MIT",
      "optional": true,
      "dependencies": {
        "tslib": "^2.4.0"
      }
    },
    "node_modules/@emnapi/wasi-threads": {
      "version": "1.2.2",
      "resolved": "https://registry.npmjs.org/@emnapi/wasi-threads/-/wasi-threads-1.2.2.tgz",
      "integrity": "sha512-c95qOXkHdydNKhscBTebqEC1CVAZpyqOfVfBzQ1qgzyl3gfeldUjIggDbIZgDKsHLgnsM+igH7TJ/eAasaVuMA==",
      "license": "MIT",
      "optional": true,
      "dependencies": {
        "tslib": "^2.4.0"
      }
    },
    "node_modules/@napi-rs/image": {
      "version": "1.14.0",
      "resolved": "https://registry.npmjs.org/@napi-rs/image/-/image-1.14.0.tgz",
      "integrity": "sha512-pmwJPWY6R063luNBEP9msq9lFu+kYVMiQTJRSpyGnzYnnerYpT3U4vCgFhhVR3jypCgCVWi9viDLoEJoZoIA1w==",
      "license": "MIT",
      "engines": {
        "node": ">= 10"
      },
      "funding": {
        "type": "github",
        "url": "https://github.com/sponsors/Brooooooklyn"
      },
      "optionalDependencies": {
        "@napi-rs/image-android-arm64": "1.14.0",
        "@napi-rs/image-darwin-arm64": "1.14.0",
        "@napi-rs/image-darwin-x64": "1.14.0",
        "@napi-rs/image-freebsd-x64": "1.14.0",
        "@napi-rs/image-linux-arm-gnueabihf": "1.14.0",
        "@napi-rs/image-linux-arm64-gnu": "1.14.0",
        "@napi-rs/image-linux-arm64-musl": "1.14.0",
        "@napi-rs/image-linux-x64-gnu": "1.14.0",
        "@napi-rs/image-linux-x64-musl": "1.14.0",
        "@napi-rs/image-wasm32-wasi": "1.14.0",
        "@napi-rs/image-win32-arm64-msvc": "1.14.0",
        "@napi-rs/image-win32-ia32-msvc": "1.14.0",
        "@napi-rs/image-win32-x64-msvc": "1.14.0"
      }
    },
    "node_modules/@napi-rs/image-android-arm64": {
      "version": "1.14.0",
      "resolved": "https://registry.npmjs.org/@napi-rs/image-android-arm64/-/image-android-arm64-1.14.0.tgz",
      "integrity": "sha512-LBWu1fNR7uC6kNQy+axDqXKU7Kj1x3UdD3xGKw/bks6YAUG15m92qwSwINDEB4Jqgl29vCeSNFItJZRm3byfJQ==",
      "cpu": [
        "arm64"
      ],
      "license": "MIT",
      "optional": true,
      "os": [
        "android"
      ],
      "engines": {
        "node": ">= 10"
      }
    },
    "node_modules/@napi-rs/image-darwin-arm64": {
      "version": "1.14.0",
      "resolved": "https://registry.npmjs.org/@napi-rs/image-darwin-arm64/-/image-darwin-arm64-1.14.0.tgz",
      "integrity": "sha512-0f7SqjtXHelxbwkqdpUb/5yhVK7ciVoe902hqCeffhAFsJA7HQbEbzfM8W1MDawI6Ghenr5zHYQimWf1W1vaow==",
      "cpu": [
        "arm64"
      ],
      "license": "MIT",
      "optional": true,
      "os": [
        "darwin"
      ],
      "engines": {
        "node": ">= 10"
      }
    },
    "node_modules/@napi-rs/image-darwin-x64": {
      "version": "1.14.0",
      "resolved": "https://registry.npmjs.org/@napi-rs/image-darwin-x64/-/image-darwin-x64-1.14.0.tgz",
      "integrity": "sha512-wi6w06N516QzSd/QMre/Ye92mA4b5E2yQfr1+Hhml3tWrIM2Po2QvxBO9ns0AaG8u6y8b545bDzQCGLTfBykyQ==",
      "cpu": [
        "x64"
      ],
      "license": "MIT",
      "optional": true,
      "os": [
        "darwin"
      ],
      "engines": {
        "node": ">= 10"
      }
    },
    "node_modules/@napi-rs/image-freebsd-x64": {
      "version": "1.14.0",
      "resolved": "https://registry.npmjs.org/@napi-rs/image-freebsd-x64/-/image-freebsd-x64-1.14.0.tgz",
      "integrity": "sha512-Sz1XSGF6/Xmjb33CbWLOb7h6+ekmoJRGsN0bdnzn8W86OHPTSsIbTOMtqp9ZXTLQNJgeXQhprQhhmRFNRqq0Gg==",
      "cpu": [
        "x64"
      ],
      "license": "MIT",
      "optional": true,
      "os": [
        "freebsd"
      ],
      "engines": {
        "node": ">= 10"
      }
    },
    "node_modules/@napi-rs/image-linux-arm-gnueabihf": {
      "version": "1.14.0",
      "resolved": "https://registry.npmjs.org/@napi-rs/image-linux-arm-gnueabihf/-/image-linux-arm-gnueabihf-1.14.0.tgz",
      "integrity": "sha512-ZsJ+0Rl3Ke1DN+W4lQMSzsfrwskjP4CkUsqOT7Y/HpziwirQn9R2fl2QU2Kb2eDSQvwSvGbRCkMLqH+4V4rzHg==",
      "cpu": [
        "arm"
      ],
      "license": "MIT",
      "optional": true,
      "os": [
        "linux"
      ],
      "engines": {
        "node": ">= 10"
      }
    },
    "node_modules/@napi-rs/image-linux-arm64-gnu": {
      "version": "1.14.0",
      "resolved": "https://registry.npmjs.org/@napi-rs/image-linux-arm64-gnu/-/image-linux-arm64-gnu-1.14.0.tgz",
      "integrity": "sha512-J06fGFXt76fAGEaCb3uyPQgZrwvGbpYZycA4Xz6F5dauVgcLPw75syXmggode5G+a0cSg40fjddXMvSWhPwHGQ==",
      "cpu": [
        "arm64"
      ],
      "libc": [
        "glibc"
      ],
      "license": "MIT",
      "optional": true,
      "os": [
        "linux"
      ],
      "engines": {
        "node": ">= 10"
      }
    },
    "node_modules/@napi-rs/image-linux-arm64-musl": {
      "version": "1.14.0",
      "resolved": "https://registry.npmjs.org/@napi-rs/image-linux-arm64-musl/-/image-linux-arm64-musl-1.14.0.tgz",
      "integrity": "sha512-AH8WvQb58ix9/RHB+9XNF2rOB8aAnFHzj0hDCCZCplRGHmv9BzOtA+IWdf5l4f7KmEJUohY+MxVWJ1jfpgn+JQ==",
      "cpu": [
        "arm64"
      ],
      "libc": [
        "musl"
      ],
      "license": "MIT",
      "optional": true,
      "os": [
        "linux"
      ],
      "engines": {
        "node": ">= 10"
      }
    },
    "node_modules/@napi-rs/image-linux-x64-gnu": {
      "version": "1.14.0",
      "resolved": "https://registry.npmjs.org/@napi-rs/image-linux-x64-gnu/-/image-linux-x64-gnu-1.14.0.tgz",
      "integrity": "sha512-oU3wnQcDeZf+t8vyKMP4A6okY7JNjRbiiC7j8UsJ2lDf0no3GDQEJCCFDrQ7gCKQZAI7cr0rFbI75l2KlTM0PQ==",
      "cpu": [
        "x64"
      ],
      "libc": [
        "glibc"
      ],
      "license": "MIT",
      "optional": true,
      "os": [
        "linux"
      ],
      "engines": {
        "node": ">= 10"
      }
    },
    "node_modules/@napi-rs/image-linux-x64-musl": {
      "version": "1.14.0",
      "resolved": "https://registry.npmjs.org/@napi-rs/image-linux-x64-musl/-/image-linux-x64-musl-1.14.0.tgz",
      "integrity": "sha512-iuDTfVmFm9W6S4gzLNdSFt+Wr86LtciJJ+u2i0KBixpFYoHzeIkUr6LHBIkYg3eNdi7xHBb9qFBvxxhFQg4tUQ==",
      "cpu": [
        "x64"
      ],
      "libc": [
        "musl"
      ],
      "license": "MIT",
      "optional": true,
      "os": [
        "linux"
      ],
      "engines": {
        "node": ">= 10"
      }
    },
    "node_modules/@napi-rs/image-wasm32-wasi": {
      "version": "1.14.0",
      "resolved": "https://registry.npmjs.org/@napi-rs/image-wasm32-wasi/-/image-wasm32-wasi-1.14.0.tgz",
      "integrity": "sha512-XRAbAQVWSm4wQzYwnTtOHD+ev6dRHUxLxmFQe5Nbev12dspqkB40zsDJ/yr4VwnV80gIfEfg7BvRLw9FFvLRlg==",
      "cpu": [
        "wasm32"
      ],
      "license": "MIT",
      "optional": true,
      "dependencies": {
        "@emnapi/core": "1.11.1",
        "@emnapi/runtime": "1.11.1",
        "@napi-rs/wasm-runtime": "^1.1.6"
      },
      "engines": {
        "node": ">=14.0.0"
      }
    },
    "node_modules/@napi-rs/image-win32-arm64-msvc": {
      "version": "1.14.0",
      "resolved": "https://registry.npmjs.org/@napi-rs/image-win32-arm64-msvc/-/image-win32-arm64-msvc-1.14.0.tgz",
      "integrity": "sha512-Wuq0AfN5rjrv2SkJTubIIYW//B5aBloPxND9GxRHKgGkLhyiSxBD6iOCQA1M/n12rvF9BWeadDDO8JLoO3iRHA==",
      "cpu": [
        "arm64"
      ],
      "license": "MIT",
      "optional": true,
      "os": [
        "win32"
      ],
      "engines": {
        "node": ">= 10"
      }
    },
    "node_modules/@napi-rs/image-win32-ia32-msvc": {
      "version": "1.14.0",
      "resolved": "https://registry.npmjs.org/@napi-rs/image-win32-ia32-msvc/-/image-win32-ia32-msvc-1.14.0.tgz",
      "integrity": "sha512-Idb+OyISq24YRdO8iU+BC6QaN4pU6HpC+SRrxFOftWJg0xXPzfPfpwpwdviduJK/SjJcHe02nhUq3HKHtUEnWQ==",
      "cpu": [
        "ia32"
      ],
      "license": "MIT",
      "optional": true,
      "os": [
        "win32"
      ],
      "engines": {
        "node": ">= 10"
      }
    },
    "node_modules/@napi-rs/image-win32-x64-msvc": {
      "version": "1.14.0",
      "resolved": "https://registry.npmjs.org/@napi-rs/image-win32-x64-msvc/-/image-win32-x64-msvc-1.14.0.tgz",
      "integrity": "sha512-Hq5BY3+FeNehRe1VPhVQ28dGTSWlxnGAHeoF7/GpgeWBfltLT5+DpkV+FPyq6ju49kG1aFofE+IlSGi5sMJ0Kw==",
      "cpu": [
        "x64"
      ],
      "license": "MIT",
      "optional": true,
      "os": [
        "win32"
      ],
      "engines": {
        "node": ">= 10"
      }
    },
    "node_modules/@napi-rs/wasm-runtime": {
      "version": "1.2.3",
      "resolved": "https://registry.npmjs.org/@napi-rs/wasm-runtime/-/wasm-runtime-1.2.3.tgz",
      "integrity": "sha512-UMduMbqO5s5zF2NkNacMT/yK5Y5QiKvWr2+50bzIIxFDwVJ2h49b+oyjaCGPhJxd2/gC2x39EHv/gHVuu36x2Q==",
      "license": "MIT",
      "optional": true,
      "dependencies": {
        "@tybys/wasm-util": "^0.10.3"
      },
      "engines": {
        "node": "^20.19.0 || ^22.13.0 || >=23.5.0"
      },
      "funding": {
        "type": "github",
        "url": "https://github.com/sponsors/Brooooooklyn"
      },
      "peerDependencies": {
        "@emnapi/core": "^1.7.1 || ^2.0.0-alpha.4",
        "@emnapi/runtime": "^1.7.1 || ^2.0.0-alpha.4"
      }
    },
    "node_modules/@tybys/wasm-util": {
      "version": "0.10.3",
      "resolved": "https://registry.npmjs.org/@tybys/wasm-util/-/wasm-util-0.10.3.tgz",
      "integrity": "sha512-F3fo1MYrRJYL3zER0OUOmkutjr1Vp23m7OsSgp7nq4SP6OqX6C/56XFIPAl5bt3zaBRjmW7SGz3u/6LwFpYcOg==",
      "license": "MIT",
      "optional": true,
      "dependencies": {
        "tslib": "^2.4.0"
      }
    },
    "node_modules/tslib": {
      "version": "2.8.1",
      "resolved": "https://registry.npmjs.org/tslib/-/tslib-2.8.1.tgz",
      "integrity": "sha512-oJFu94HQb+KVduSUQL7wnpmqnfmLsOA/nAh6b6EH0wCEoK0/mPeXU6c3wKDV83MkOuHPRHtSXKKU99IBazS/2w==",
      "license": "0BSD",
      "optional": true
    }
  }
}
